
Microsoft Visual Studio Solution File, Format Version 12.00
# Visual Studio 15
VisualStudioVersion = 15.0.27130.0
MinimumVisualStudioVersion = 10.0.40219.1
Project("{FAE04EC0-301F-11D3-BF4B-00C04F79EFBC}") = "Razor1", "Razor1\Razor1.csproj", "{9DA87276-2429-47B6-BD9E-E8C3D0D27BEC}"
EndProject
Global
	GlobalSection(SolutionConfigurationPlatforms) = preSolution
		Debug|Any CPU = Debug|Any CPU
		Release|Any CPU = Release|Any CPU
	EndGlobalSection
	GlobalSection(ProjectConfigurationPlatforms) = postSolution
		{9DA87276-2429-47B6-BD9E-E8C3D0D27BEC}.Debug|Any CPU.ActiveCfg = Debug|Any CPU
		{9DA87276-2429-47B6-BD9E-E8C3D0D27BEC}.Debug|Any CPU.Build.0 = Debug|Any CPU
		{9DA87276-2429-47B6-BD9E-E8C3D0D27BEC}.Release|Any CPU.ActiveCfg = Release|Any CPU
		{9DA87276-2429-47B6-BD9E-E8C3D0D27BEC}.Release|Any CPU.Build.0 = Release|Any CPU
	EndGlobalSection
	GlobalSection(SolutionProperties) = preSolution
		HideSolutionNode = FALSE
	EndGlobalSection
	GlobalSection(ExtensibilityGlobals) = postSolution
		SolutionGuid = {1D556B15-4BB9-41D3-B257-77478381BD96}
	EndGlobalSection
EndGlobal
