
Microsoft Visual Studio Solution File, Format Version 12.00
# Visual Studio 15
VisualStudioVersion = 15.0.27130.0
MinimumVisualStudioVersion = 10.0.40219.1
Project("{FAE04EC0-301F-11D3-BF4B-00C04F79EFBC}") = "WorkingWithVisualStudio", "WorkingWithVisualStudio\WorkingWithVisualStudio.csproj", "{B52B33AF-375E-4900-9F8A-C9E174FA6A0E}"
EndProject
Global
	GlobalSection(SolutionConfigurationPlatforms) = preSolution
		Debug|Any CPU = Debug|Any CPU
		Release|Any CPU = Release|Any CPU
	EndGlobalSection
	GlobalSection(ProjectConfigurationPlatforms) = postSolution
		{B52B33AF-375E-4900-9F8A-C9E174FA6A0E}.Debug|Any CPU.ActiveCfg = Debug|Any CPU
		{B52B33AF-375E-4900-9F8A-C9E174FA6A0E}.Debug|Any CPU.Build.0 = Debug|Any CPU
		{B52B33AF-375E-4900-9F8A-C9E174FA6A0E}.Release|Any CPU.ActiveCfg = Release|Any CPU
		{B52B33AF-375E-4900-9F8A-C9E174FA6A0E}.Release|Any CPU.Build.0 = Release|Any CPU
	EndGlobalSection
	GlobalSection(SolutionProperties) = preSolution
		HideSolutionNode = FALSE
	EndGlobalSection
	GlobalSection(ExtensibilityGlobals) = postSolution
		SolutionGuid = {FA820280-D49B-4043-BBE5-753ABF2AB89A}
	EndGlobalSection
EndGlobal
