
Microsoft Visual Studio Solution File, Format Version 12.00
# Visual Studio 15
VisualStudioVersion = 15.0.27130.0
MinimumVisualStudioVersion = 10.0.40219.1
Project("{FAE04EC0-301F-11D3-BF4B-00C04F79EFBC}") = "School.WebUI", "School.WebUI\School.WebUI.csproj", "{EE5C0408-E861-459F-967F-3B983AA399FF}"
EndProject
Project("{FAE04EC0-301F-11D3-BF4B-00C04F79EFBC}") = "School.Domain", "School.Domain\School.Domain.csproj", "{96AA7F44-5BF9-4251-BB8D-A66F3FAB430E}"
EndProject
Project("{FAE04EC0-301F-11D3-BF4B-00C04F79EFBC}") = "School.Data", "School.Data\School.Data.csproj", "{31E5E0DE-7A47-43B3-88E9-0092AEA13DDA}"
EndProject
Global
	GlobalSection(SolutionConfigurationPlatforms) = preSolution
		Debug|Any CPU = Debug|Any CPU
		Release|Any CPU = Release|Any CPU
	EndGlobalSection
	GlobalSection(ProjectConfigurationPlatforms) = postSolution
		{EE5C0408-E861-459F-967F-3B983AA399FF}.Debug|Any CPU.ActiveCfg = Debug|Any CPU
		{EE5C0408-E861-459F-967F-3B983AA399FF}.Debug|Any CPU.Build.0 = Debug|Any CPU
		{EE5C0408-E861-459F-967F-3B983AA399FF}.Release|Any CPU.ActiveCfg = Release|Any CPU
		{EE5C0408-E861-459F-967F-3B983AA399FF}.Release|Any CPU.Build.0 = Release|Any CPU
		{96AA7F44-5BF9-4251-BB8D-A66F3FAB430E}.Debug|Any CPU.ActiveCfg = Debug|Any CPU
		{96AA7F44-5BF9-4251-BB8D-A66F3FAB430E}.Debug|Any CPU.Build.0 = Debug|Any CPU
		{96AA7F44-5BF9-4251-BB8D-A66F3FAB430E}.Release|Any CPU.ActiveCfg = Release|Any CPU
		{96AA7F44-5BF9-4251-BB8D-A66F3FAB430E}.Release|Any CPU.Build.0 = Release|Any CPU
		{31E5E0DE-7A47-43B3-88E9-0092AEA13DDA}.Debug|Any CPU.ActiveCfg = Debug|Any CPU
		{31E5E0DE-7A47-43B3-88E9-0092AEA13DDA}.Debug|Any CPU.Build.0 = Debug|Any CPU
		{31E5E0DE-7A47-43B3-88E9-0092AEA13DDA}.Release|Any CPU.ActiveCfg = Release|Any CPU
		{31E5E0DE-7A47-43B3-88E9-0092AEA13DDA}.Release|Any CPU.Build.0 = Release|Any CPU
	EndGlobalSection
	GlobalSection(SolutionProperties) = preSolution
		HideSolutionNode = FALSE
	EndGlobalSection
	GlobalSection(ExtensibilityGlobals) = postSolution
		SolutionGuid = {AD57A205-64D3-438C-8548-FD7C03CD89D4}
	EndGlobalSection
EndGlobal
