
Microsoft Visual Studio Solution File, Format Version 12.00
# Visual Studio 15
VisualStudioVersion = 15.0.27130.2024
MinimumVisualStudioVersion = 10.0.40219.1
Project("{FAE04EC0-301F-11D3-BF4B-00C04F79EFBC}") = "School.WebUI", "School.WebUI\School.WebUI.csproj", "{8FFBE6CD-2485-4B87-9D44-5850CBEC189B}"
EndProject
Project("{FAE04EC0-301F-11D3-BF4B-00C04F79EFBC}") = "School.Domain", "School.Domain\School.Domain.csproj", "{1D99725E-822D-40DE-ADAF-7B2BF6B837EB}"
EndProject
Project("{FAE04EC0-301F-11D3-BF4B-00C04F79EFBC}") = "School.Data", "School.Data\School.Data.csproj", "{C7D8404D-178E-4C40-9B22-224F05645E1B}"
EndProject
Global
	GlobalSection(SolutionConfigurationPlatforms) = preSolution
		Debug|Any CPU = Debug|Any CPU
		Release|Any CPU = Release|Any CPU
	EndGlobalSection
	GlobalSection(ProjectConfigurationPlatforms) = postSolution
		{8FFBE6CD-2485-4B87-9D44-5850CBEC189B}.Debug|Any CPU.ActiveCfg = Debug|Any CPU
		{8FFBE6CD-2485-4B87-9D44-5850CBEC189B}.Debug|Any CPU.Build.0 = Debug|Any CPU
		{8FFBE6CD-2485-4B87-9D44-5850CBEC189B}.Release|Any CPU.ActiveCfg = Release|Any CPU
		{8FFBE6CD-2485-4B87-9D44-5850CBEC189B}.Release|Any CPU.Build.0 = Release|Any CPU
		{1D99725E-822D-40DE-ADAF-7B2BF6B837EB}.Debug|Any CPU.ActiveCfg = Debug|Any CPU
		{1D99725E-822D-40DE-ADAF-7B2BF6B837EB}.Debug|Any CPU.Build.0 = Debug|Any CPU
		{1D99725E-822D-40DE-ADAF-7B2BF6B837EB}.Release|Any CPU.ActiveCfg = Release|Any CPU
		{1D99725E-822D-40DE-ADAF-7B2BF6B837EB}.Release|Any CPU.Build.0 = Release|Any CPU
		{C7D8404D-178E-4C40-9B22-224F05645E1B}.Debug|Any CPU.ActiveCfg = Debug|Any CPU
		{C7D8404D-178E-4C40-9B22-224F05645E1B}.Debug|Any CPU.Build.0 = Debug|Any CPU
		{C7D8404D-178E-4C40-9B22-224F05645E1B}.Release|Any CPU.ActiveCfg = Release|Any CPU
		{C7D8404D-178E-4C40-9B22-224F05645E1B}.Release|Any CPU.Build.0 = Release|Any CPU
	EndGlobalSection
	GlobalSection(SolutionProperties) = preSolution
		HideSolutionNode = FALSE
	EndGlobalSection
	GlobalSection(ExtensibilityGlobals) = postSolution
		SolutionGuid = {79054008-5512-4B91-B69A-4D75D927EF98}
	EndGlobalSection
EndGlobal
