
Microsoft Visual Studio Solution File, Format Version 12.00
# Visual Studio 15
VisualStudioVersion = 15.0.27130.2027
MinimumVisualStudioVersion = 10.0.40219.1
Project("{FAE04EC0-301F-11D3-BF4B-00C04F79EFBC}") = "School.WebUI", "School.WebUI\School.WebUI.csproj", "{AB415B5E-AA7A-46AE-80B8-85AD791B894C}"
EndProject
Project("{FAE04EC0-301F-11D3-BF4B-00C04F79EFBC}") = "School.Domain", "School.Domain\School.Domain.csproj", "{0F9CDEB5-FA35-4796-BDF6-A4E8B363099B}"
EndProject
Project("{FAE04EC0-301F-11D3-BF4B-00C04F79EFBC}") = "School.Data", "School.Data\School.Data.csproj", "{95FB64DA-37C5-4457-9ECB-1981BAA81A20}"
EndProject
Global
	GlobalSection(SolutionConfigurationPlatforms) = preSolution
		Debug|Any CPU = Debug|Any CPU
		Release|Any CPU = Release|Any CPU
	EndGlobalSection
	GlobalSection(ProjectConfigurationPlatforms) = postSolution
		{AB415B5E-AA7A-46AE-80B8-85AD791B894C}.Debug|Any CPU.ActiveCfg = Debug|Any CPU
		{AB415B5E-AA7A-46AE-80B8-85AD791B894C}.Debug|Any CPU.Build.0 = Debug|Any CPU
		{AB415B5E-AA7A-46AE-80B8-85AD791B894C}.Release|Any CPU.ActiveCfg = Release|Any CPU
		{AB415B5E-AA7A-46AE-80B8-85AD791B894C}.Release|Any CPU.Build.0 = Release|Any CPU
		{0F9CDEB5-FA35-4796-BDF6-A4E8B363099B}.Debug|Any CPU.ActiveCfg = Debug|Any CPU
		{0F9CDEB5-FA35-4796-BDF6-A4E8B363099B}.Debug|Any CPU.Build.0 = Debug|Any CPU
		{0F9CDEB5-FA35-4796-BDF6-A4E8B363099B}.Release|Any CPU.ActiveCfg = Release|Any CPU
		{0F9CDEB5-FA35-4796-BDF6-A4E8B363099B}.Release|Any CPU.Build.0 = Release|Any CPU
		{95FB64DA-37C5-4457-9ECB-1981BAA81A20}.Debug|Any CPU.ActiveCfg = Debug|Any CPU
		{95FB64DA-37C5-4457-9ECB-1981BAA81A20}.Debug|Any CPU.Build.0 = Debug|Any CPU
		{95FB64DA-37C5-4457-9ECB-1981BAA81A20}.Release|Any CPU.ActiveCfg = Release|Any CPU
		{95FB64DA-37C5-4457-9ECB-1981BAA81A20}.Release|Any CPU.Build.0 = Release|Any CPU
	EndGlobalSection
	GlobalSection(SolutionProperties) = preSolution
		HideSolutionNode = FALSE
	EndGlobalSection
	GlobalSection(ExtensibilityGlobals) = postSolution
		SolutionGuid = {322836DB-E83F-4135-9925-FB760A760DCD}
	EndGlobalSection
EndGlobal
