
Microsoft Visual Studio Solution File, Format Version 12.00
# Visual Studio 15
VisualStudioVersion = 15.0.27130.0
MinimumVisualStudioVersion = 10.0.40219.1
Project("{FAE04EC0-301F-11D3-BF4B-00C04F79EFBC}") = "Project1", "Project1\Project1.csproj", "{F2C01B7A-DE0C-49EA-82DE-12C5AF0CB0E4}"
EndProject
Global
	GlobalSection(SolutionConfigurationPlatforms) = preSolution
		Debug|Any CPU = Debug|Any CPU
		Release|Any CPU = Release|Any CPU
	EndGlobalSection
	GlobalSection(ProjectConfigurationPlatforms) = postSolution
		{F2C01B7A-DE0C-49EA-82DE-12C5AF0CB0E4}.Debug|Any CPU.ActiveCfg = Debug|Any CPU
		{F2C01B7A-DE0C-49EA-82DE-12C5AF0CB0E4}.Debug|Any CPU.Build.0 = Debug|Any CPU
		{F2C01B7A-DE0C-49EA-82DE-12C5AF0CB0E4}.Release|Any CPU.ActiveCfg = Release|Any CPU
		{F2C01B7A-DE0C-49EA-82DE-12C5AF0CB0E4}.Release|Any CPU.Build.0 = Release|Any CPU
	EndGlobalSection
	GlobalSection(SolutionProperties) = preSolution
		HideSolutionNode = FALSE
	EndGlobalSection
	GlobalSection(ExtensibilityGlobals) = postSolution
		SolutionGuid = {1EF129FD-648A-40DB-9D67-8DFC8448F741}
	EndGlobalSection
EndGlobal
