
Microsoft Visual Studio Solution File, Format Version 12.00
# Visual Studio 15
VisualStudioVersion = 15.0.27130.2020
MinimumVisualStudioVersion = 10.0.40219.1
Project("{FAE04EC0-301F-11D3-BF4B-00C04F79EFBC}") = "Project1", "Project1\Project1.csproj", "{CA876269-EF01-43ED-ACE0-88B096E2407F}"
EndProject
Global
	GlobalSection(SolutionConfigurationPlatforms) = preSolution
		Debug|Any CPU = Debug|Any CPU
		Release|Any CPU = Release|Any CPU
	EndGlobalSection
	GlobalSection(ProjectConfigurationPlatforms) = postSolution
		{CA876269-EF01-43ED-ACE0-88B096E2407F}.Debug|Any CPU.ActiveCfg = Debug|Any CPU
		{CA876269-EF01-43ED-ACE0-88B096E2407F}.Debug|Any CPU.Build.0 = Debug|Any CPU
		{CA876269-EF01-43ED-ACE0-88B096E2407F}.Release|Any CPU.ActiveCfg = Release|Any CPU
		{CA876269-EF01-43ED-ACE0-88B096E2407F}.Release|Any CPU.Build.0 = Release|Any CPU
	EndGlobalSection
	GlobalSection(SolutionProperties) = preSolution
		HideSolutionNode = FALSE
	EndGlobalSection
	GlobalSection(ExtensibilityGlobals) = postSolution
		SolutionGuid = {81ADA3FE-9258-448A-B607-3A6FA8169E3A}
	EndGlobalSection
EndGlobal
